
Microsoft Visual Studio Solution File, Format Version 12.00
# Visual Studio 14
VisualStudioVersion = 14.0.25420.1
MinimumVisualStudioVersion = 10.0.40219.1
Project("{FAE04EC0-301F-11D3-BF4B-00C04F79EFBC}") = "CalculatorServiceLib", "CalculatorServiceLib\CalculatorServiceLib.csproj", "{591B4147-A036-41F1-9738-9E2CFB959358}"
EndProject
Project("{FAE04EC0-301F-11D3-BF4B-00C04F79EFBC}") = "CalculatorServiceHost", "CalculatorServiceHost\CalculatorServiceHost.csproj", "{6AAF2E0F-EED5-466F-86A5-5DFE206951C4}"
EndProject
Project("{FAE04EC0-301F-11D3-BF4B-00C04F79EFBC}") = "CalculatorApp", "..\CalculatorApp\CalculatorApp.csproj", "{357A3D55-CC68-40A7-9725-1D679155467A}"
	ProjectSection(ProjectDependencies) = postProject
		{6AAF2E0F-EED5-466F-86A5-5DFE206951C4} = {6AAF2E0F-EED5-466F-86A5-5DFE206951C4}
	EndProjectSection
EndProject
Global
	GlobalSection(SolutionConfigurationPlatforms) = preSolution
		Debug|Any CPU = Debug|Any CPU
		Release|Any CPU = Release|Any CPU
	EndGlobalSection
	GlobalSection(ProjectConfigurationPlatforms) = postSolution
		{591B4147-A036-41F1-9738-9E2CFB959358}.Debug|Any CPU.ActiveCfg = Debug|Any CPU
		{591B4147-A036-41F1-9738-9E2CFB959358}.Debug|Any CPU.Build.0 = Debug|Any CPU
		{591B4147-A036-41F1-9738-9E2CFB959358}.Release|Any CPU.ActiveCfg = Release|Any CPU
		{591B4147-A036-41F1-9738-9E2CFB959358}.Release|Any CPU.Build.0 = Release|Any CPU
		{6AAF2E0F-EED5-466F-86A5-5DFE206951C4}.Debug|Any CPU.ActiveCfg = Debug|Any CPU
		{6AAF2E0F-EED5-466F-86A5-5DFE206951C4}.Debug|Any CPU.Build.0 = Debug|Any CPU
		{6AAF2E0F-EED5-466F-86A5-5DFE206951C4}.Release|Any CPU.ActiveCfg = Release|Any CPU
		{6AAF2E0F-EED5-466F-86A5-5DFE206951C4}.Release|Any CPU.Build.0 = Release|Any CPU
		{357A3D55-CC68-40A7-9725-1D679155467A}.Debug|Any CPU.ActiveCfg = Debug|Any CPU
		{357A3D55-CC68-40A7-9725-1D679155467A}.Debug|Any CPU.Build.0 = Debug|Any CPU
		{357A3D55-CC68-40A7-9725-1D679155467A}.Release|Any CPU.ActiveCfg = Release|Any CPU
		{357A3D55-CC68-40A7-9725-1D679155467A}.Release|Any CPU.Build.0 = Release|Any CPU
	EndGlobalSection
	GlobalSection(SolutionProperties) = preSolution
		HideSolutionNode = FALSE
	EndGlobalSection
EndGlobal
